
Microsoft Visual Studio Solution File, Format Version 12.00
# Visual Studio Version 17
VisualStudioVersion = 17.14.36518.9 d17.14
MinimumVisualStudioVersion = 10.0.40219.1
Project("{FAE04EC0-301F-11D3-BF4B-00C04F79EFBC}") = "SistemaCalificaciones", "SistemaCalificaciones\SistemaCalificaciones.csproj", "{B808E127-C853-47D0-8622-571F1E7B10E5}"
EndProject
Global
	GlobalSection(SolutionConfigurationPlatforms) = preSolution
		Debug|Any CPU = Debug|Any CPU
		Release|Any CPU = Release|Any CPU
	EndGlobalSection
	GlobalSection(ProjectConfigurationPlatforms) = postSolution
		{B808E127-C853-47D0-8622-571F1E7B10E5}.Debug|Any CPU.ActiveCfg = Debug|Any CPU
		{B808E127-C853-47D0-8622-571F1E7B10E5}.Debug|Any CPU.Build.0 = Debug|Any CPU
		{B808E127-C853-47D0-8622-571F1E7B10E5}.Release|Any CPU.ActiveCfg = Release|Any CPU
		{B808E127-C853-47D0-8622-571F1E7B10E5}.Release|Any CPU.Build.0 = Release|Any CPU
	EndGlobalSection
	GlobalSection(SolutionProperties) = preSolution
		HideSolutionNode = FALSE
	EndGlobalSection
	GlobalSection(ExtensibilityGlobals) = postSolution
		SolutionGuid = {536430AF-C836-46A4-B683-2E82C54D44A7}
	EndGlobalSection
EndGlobal
